
Microsoft Visual Studio Solution File, Format Version 12.00
# Visual Studio 15
VisualStudioVersion = 15.0.28307.1169
MinimumVisualStudioVersion = 10.0.40219.1
Project("{FAE04EC0-301F-11D3-BF4B-00C04F79EFBC}") = "aula49", "aula49\aula49.csproj", "{CA0AD93B-6A45-463F-8698-AF5B046C4B8C}"
EndProject
Global
	GlobalSection(SolutionConfigurationPlatforms) = preSolution
		Debug|Any CPU = Debug|Any CPU
		Release|Any CPU = Release|Any CPU
	EndGlobalSection
	GlobalSection(ProjectConfigurationPlatforms) = postSolution
		{CA0AD93B-6A45-463F-8698-AF5B046C4B8C}.Debug|Any CPU.ActiveCfg = Debug|Any CPU
		{CA0AD93B-6A45-463F-8698-AF5B046C4B8C}.Debug|Any CPU.Build.0 = Debug|Any CPU
		{CA0AD93B-6A45-463F-8698-AF5B046C4B8C}.Release|Any CPU.ActiveCfg = Release|Any CPU
		{CA0AD93B-6A45-463F-8698-AF5B046C4B8C}.Release|Any CPU.Build.0 = Release|Any CPU
	EndGlobalSection
	GlobalSection(SolutionProperties) = preSolution
		HideSolutionNode = FALSE
	EndGlobalSection
	GlobalSection(ExtensibilityGlobals) = postSolution
		SolutionGuid = {4B7A3015-33F9-417A-B901-6ECC4543DA52}
	EndGlobalSection
EndGlobal
