
Microsoft Visual Studio Solution File, Format Version 12.00
# Visual Studio 15
VisualStudioVersion = 15.0.27428.2011
MinimumVisualStudioVersion = 10.0.40219.1
Project("{FAE04EC0-301F-11D3-BF4B-00C04F79EFBC}") = "aula04", "aula04\aula04.csproj", "{DD8CD996-206E-4806-90DF-C1876E501929}"
EndProject
Global
	GlobalSection(SolutionConfigurationPlatforms) = preSolution
		Debug|Any CPU = Debug|Any CPU
		Release|Any CPU = Release|Any CPU
	EndGlobalSection
	GlobalSection(ProjectConfigurationPlatforms) = postSolution
		{DD8CD996-206E-4806-90DF-C1876E501929}.Debug|Any CPU.ActiveCfg = Debug|Any CPU
		{DD8CD996-206E-4806-90DF-C1876E501929}.Debug|Any CPU.Build.0 = Debug|Any CPU
		{DD8CD996-206E-4806-90DF-C1876E501929}.Release|Any CPU.ActiveCfg = Release|Any CPU
		{DD8CD996-206E-4806-90DF-C1876E501929}.Release|Any CPU.Build.0 = Release|Any CPU
	EndGlobalSection
	GlobalSection(SolutionProperties) = preSolution
		HideSolutionNode = FALSE
	EndGlobalSection
	GlobalSection(ExtensibilityGlobals) = postSolution
		SolutionGuid = {AEB55387-992C-4C3B-8A30-393CA696A679}
	EndGlobalSection
EndGlobal
