
Microsoft Visual Studio Solution File, Format Version 12.00
# Visual Studio 15
VisualStudioVersion = 15.0.27428.2011
MinimumVisualStudioVersion = 10.0.40219.1
Project("{FAE04EC0-301F-11D3-BF4B-00C04F79EFBC}") = "aula25", "aula25\aula25.csproj", "{C77F5281-0AC2-40C2-85FE-7A7623B22576}"
EndProject
Global
	GlobalSection(SolutionConfigurationPlatforms) = preSolution
		Debug|Any CPU = Debug|Any CPU
		Release|Any CPU = Release|Any CPU
	EndGlobalSection
	GlobalSection(ProjectConfigurationPlatforms) = postSolution
		{C77F5281-0AC2-40C2-85FE-7A7623B22576}.Debug|Any CPU.ActiveCfg = Debug|Any CPU
		{C77F5281-0AC2-40C2-85FE-7A7623B22576}.Debug|Any CPU.Build.0 = Debug|Any CPU
		{C77F5281-0AC2-40C2-85FE-7A7623B22576}.Release|Any CPU.ActiveCfg = Release|Any CPU
		{C77F5281-0AC2-40C2-85FE-7A7623B22576}.Release|Any CPU.Build.0 = Release|Any CPU
	EndGlobalSection
	GlobalSection(SolutionProperties) = preSolution
		HideSolutionNode = FALSE
	EndGlobalSection
	GlobalSection(ExtensibilityGlobals) = postSolution
		SolutionGuid = {D76C3B8D-596E-4270-A338-692B16101AF4}
	EndGlobalSection
EndGlobal
