
Microsoft Visual Studio Solution File, Format Version 12.00
# Visual Studio 15
VisualStudioVersion = 15.0.27428.2011
MinimumVisualStudioVersion = 10.0.40219.1
Project("{FAE04EC0-301F-11D3-BF4B-00C04F79EFBC}") = "aula26", "aula26\aula26.csproj", "{2E1AB55A-A934-4813-A375-FBB94032B458}"
EndProject
Global
	GlobalSection(SolutionConfigurationPlatforms) = preSolution
		Debug|Any CPU = Debug|Any CPU
		Release|Any CPU = Release|Any CPU
	EndGlobalSection
	GlobalSection(ProjectConfigurationPlatforms) = postSolution
		{2E1AB55A-A934-4813-A375-FBB94032B458}.Debug|Any CPU.ActiveCfg = Debug|Any CPU
		{2E1AB55A-A934-4813-A375-FBB94032B458}.Debug|Any CPU.Build.0 = Debug|Any CPU
		{2E1AB55A-A934-4813-A375-FBB94032B458}.Release|Any CPU.ActiveCfg = Release|Any CPU
		{2E1AB55A-A934-4813-A375-FBB94032B458}.Release|Any CPU.Build.0 = Release|Any CPU
	EndGlobalSection
	GlobalSection(SolutionProperties) = preSolution
		HideSolutionNode = FALSE
	EndGlobalSection
	GlobalSection(ExtensibilityGlobals) = postSolution
		SolutionGuid = {1041EEBA-44D2-4DB3-B720-65DC76CB506E}
	EndGlobalSection
EndGlobal
